// !$*UTF8*$!
{
	archiveVersion = 1;
	classes = {
	};
	objectVersion = 46;
	objects = {

/* Begin PBXBuildFile section */
		3F3356901608448E00AB876A /* SurveyView.m in Sources */ = {isa = PBXBuildFile; fileRef = 3F33568E1608448E00AB876A /* SurveyView.m */; };
		3F3356911608448E00AB876A /* SurveyView.xib in Resources */ = {isa = PBXBuildFile; fileRef = 3F33568F1608448E00AB876A /* SurveyView.xib */; };
		C981BE9315F49CE200DF9270 /* PinViewController.m in Sources */ = {isa = PBXBuildFile; fileRef = C981BE9115F49CE200DF9270 /* PinViewController.m */; };
		C981BE9415F49CE200DF9270 /* PinViewController.xib in Resources */ = {isa = PBXBuildFile; fileRef = C981BE9215F49CE200DF9270 /* PinViewController.xib */; };
		C981BEA115F4D27B00DF9270 /* FundTransferSuccess.m in Sources */ = {isa = PBXBuildFile; fileRef = C981BE9F15F4D27A00DF9270 /* FundTransferSuccess.m */; };
		C981BEA215F4D27B00DF9270 /* FundTransferSuccess.xib in Resources */ = {isa = PBXBuildFile; fileRef = C981BEA015F4D27A00DF9270 /* FundTransferSuccess.xib */; };
		C987566915FF42ED0091957B /* Choose_Login_action.m in Sources */ = {isa = PBXBuildFile; fileRef = C987566715FF42EB0091957B /* Choose_Login_action.m */; };
		C987566A15FF42ED0091957B /* Choose_Login_action.xib in Resources */ = {isa = PBXBuildFile; fileRef = C987566815FF42EC0091957B /* Choose_Login_action.xib */; };
		C988928315F8584C008A8B83 /* green-icon1.png in Resources */ = {isa = PBXBuildFile; fileRef = C988928215F8584C008A8B83 /* green-icon1.png */; };
		C992955815EB6E7400FFF9E3 /* SecurityQA_Verify.m in Sources */ = {isa = PBXBuildFile; fileRef = C992955615EB6E7300FFF9E3 /* SecurityQA_Verify.m */; };
		C992955915EB6E7400FFF9E3 /* SecurityQA_Verify.xib in Resources */ = {isa = PBXBuildFile; fileRef = C992955715EB6E7300FFF9E3 /* SecurityQA_Verify.xib */; };
		C9BD46D315E4C20600802FCC /* Home_icon.png in Resources */ = {isa = PBXBuildFile; fileRef = C9BD46D215E4C20600802FCC /* Home_icon.png */; };
		C9DFFBF715E3834C00D633F4 /* arrow_pink.png in Resources */ = {isa = PBXBuildFile; fileRef = C9DFFBD715E3834C00D633F4 /* arrow_pink.png */; };
		C9DFFBF815E3834C00D633F4 /* back_btn.jpg in Resources */ = {isa = PBXBuildFile; fileRef = C9DFFBD815E3834C00D633F4 /* back_btn.jpg */; };
		C9DFFBF915E3834C00D633F4 /* back-icon1.png in Resources */ = {isa = PBXBuildFile; fileRef = C9DFFBD915E3834C00D633F4 /* back-icon1.png */; };
		C9DFFBFA15E3834C00D633F4 /* back-icon2.png in Resources */ = {isa = PBXBuildFile; fileRef = C9DFFBDA15E3834C00D633F4 /* back-icon2.png */; };
		C9DFFBFB15E3834C00D633F4 /* Banking_accounts.png in Resources */ = {isa = PBXBuildFile; fileRef = C9DFFBDB15E3834C00D633F4 /* Banking_accounts.png */; };
		C9DFFBFC15E3834C00D633F4 /* bg-top0.png in Resources */ = {isa = PBXBuildFile; fileRef = C9DFFBDC15E3834C00D633F4 /* bg-top0.png */; };
		C9DFFBFD15E3834C00D633F4 /* bg-top1.png in Resources */ = {isa = PBXBuildFile; fileRef = C9DFFBDD15E3834C00D633F4 /* bg-top1.png */; };
		C9DFFBFE15E3834C00D633F4 /* bluebutton.jpg in Resources */ = {isa = PBXBuildFile; fileRef = C9DFFBDE15E3834C00D633F4 /* bluebutton.jpg */; };
		C9DFFBFF15E3834C00D633F4 /* browse_our_products.png in Resources */ = {isa = PBXBuildFile; fileRef = C9DFFBDF15E3834C00D633F4 /* browse_our_products.png */; };
		C9DFFC0015E3834C00D633F4 /* CapitalOnedeals.png in Resources */ = {isa = PBXBuildFile; fileRef = C9DFFBE015E3834C00D633F4 /* CapitalOnedeals.png */; };
		C9DFFC0115E3834C00D633F4 /* capone_logo.jpg in Resources */ = {isa = PBXBuildFile; fileRef = C9DFFBE115E3834C00D633F4 /* capone_logo.jpg */; };
		C9DFFC0215E3834C00D633F4 /* contactusIcon.png in Resources */ = {isa = PBXBuildFile; fileRef = C9DFFBE215E3834C00D633F4 /* contactusIcon.png */; };
		C9DFFC0315E3834C00D633F4 /* CreditCardIcon.png in Resources */ = {isa = PBXBuildFile; fileRef = C9DFFBE315E3834C00D633F4 /* CreditCardIcon.png */; };
		C9DFFC0415E3834C00D633F4 /* Find_branch_Atm.png in Resources */ = {isa = PBXBuildFile; fileRef = C9DFFBE415E3834C00D633F4 /* Find_branch_Atm.png */; };
		C9DFFC0515E3834C00D633F4 /* GiftIcon.png in Resources */ = {isa = PBXBuildFile; fileRef = C9DFFBE515E3834C00D633F4 /* GiftIcon.png */; };
		C9DFFC0615E3834C00D633F4 /* Green_btn.jpg in Resources */ = {isa = PBXBuildFile; fileRef = C9DFFBE615E3834C00D633F4 /* Green_btn.jpg */; };
		C9DFFC0715E3834C00D633F4 /* Header_bg.jpg in Resources */ = {isa = PBXBuildFile; fileRef = C9DFFBE715E3834C00D633F4 /* Header_bg.jpg */; };
		C9DFFC0815E3834C00D633F4 /* Headerlogo.jpg in Resources */ = {isa = PBXBuildFile; fileRef = C9DFFBE815E3834C00D633F4 /* Headerlogo.jpg */; };
		C9DFFC0915E3834C00D633F4 /* Home_icon.jpg in Resources */ = {isa = PBXBuildFile; fileRef = C9DFFBE915E3834C00D633F4 /* Home_icon.jpg */; };
		C9DFFC0B15E3834C00D633F4 /* identity-icon.jpg in Resources */ = {isa = PBXBuildFile; fileRef = C9DFFBEB15E3834C00D633F4 /* identity-icon.jpg */; };
		C9DFFC0C15E3834C00D633F4 /* lines.png in Resources */ = {isa = PBXBuildFile; fileRef = C9DFFBEC15E3834C00D633F4 /* lines.png */; };
		C9DFFC0D15E3834C00D633F4 /* lock.png in Resources */ = {isa = PBXBuildFile; fileRef = C9DFFBED15E3834C00D633F4 /* lock.png */; };
		C9DFFC0E15E3834C00D633F4 /* lock1.png in Resources */ = {isa = PBXBuildFile; fileRef = C9DFFBEE15E3834C00D633F4 /* lock1.png */; };
		C9DFFC0F15E3834C00D633F4 /* lock2.png in Resources */ = {isa = PBXBuildFile; fileRef = C9DFFBEF15E3834C00D633F4 /* lock2.png */; };
		C9DFFC1015E3834C00D633F4 /* LoginFieldsBg.jpg in Resources */ = {isa = PBXBuildFile; fileRef = C9DFFBF015E3834C00D633F4 /* LoginFieldsBg.jpg */; };
		C9DFFC1115E3834C00D633F4 /* logout.png in Resources */ = {isa = PBXBuildFile; fileRef = C9DFFBF115E3834C00D633F4 /* logout.png */; };
		C9DFFC1215E3834C00D633F4 /* Mic_icon.jpg in Resources */ = {isa = PBXBuildFile; fileRef = C9DFFBF215E3834C00D633F4 /* Mic_icon.jpg */; };
		C9DFFC1315E3834C00D633F4 /* Mobile_banking.png in Resources */ = {isa = PBXBuildFile; fileRef = C9DFFBF315E3834C00D633F4 /* Mobile_banking.png */; };
		C9DFFC1415E3834C00D633F4 /* NavbarBG.jpg in Resources */ = {isa = PBXBuildFile; fileRef = C9DFFBF415E3834C00D633F4 /* NavbarBG.jpg */; };
		C9DFFC1515E3834C00D633F4 /* open_lock.png in Resources */ = {isa = PBXBuildFile; fileRef = C9DFFBF515E3834C00D633F4 /* open_lock.png */; };
		C9DFFC1615E3834C00D633F4 /* right-arrow.png in Resources */ = {isa = PBXBuildFile; fileRef = C9DFFBF615E3834C00D633F4 /* right-arrow.png */; };
		C9DFFC1F15E38D2900D633F4 /* LoginScreen.m in Sources */ = {isa = PBXBuildFile; fileRef = C9DFFC1D15E38D2900D633F4 /* LoginScreen.m */; };
		C9DFFC2015E38D2900D633F4 /* LoginScreen.xib in Resources */ = {isa = PBXBuildFile; fileRef = C9DFFC1E15E38D2900D633F4 /* LoginScreen.xib */; };
		C9DFFC3315E38F3E00D633F4 /* AccountSummary.m in Sources */ = {isa = PBXBuildFile; fileRef = C9DFFC2215E38F3D00D633F4 /* AccountSummary.m */; };
		C9DFFC3415E38F3E00D633F4 /* AccountSummary.xib in Resources */ = {isa = PBXBuildFile; fileRef = C9DFFC2315E38F3D00D633F4 /* AccountSummary.xib */; };
		C9DFFC3515E38F3E00D633F4 /* CustomerSummary.m in Sources */ = {isa = PBXBuildFile; fileRef = C9DFFC2515E38F3D00D633F4 /* CustomerSummary.m */; };
		C9DFFC3615E38F3E00D633F4 /* CustomerSummary.xib in Resources */ = {isa = PBXBuildFile; fileRef = C9DFFC2615E38F3D00D633F4 /* CustomerSummary.xib */; };
		C9DFFC3715E38F3E00D633F4 /* EnrollScreen.m in Sources */ = {isa = PBXBuildFile; fileRef = C9DFFC2815E38F3D00D633F4 /* EnrollScreen.m */; };
		C9DFFC3815E38F3E00D633F4 /* EnrollScreen.xib in Resources */ = {isa = PBXBuildFile; fileRef = C9DFFC2915E38F3D00D633F4 /* EnrollScreen.xib */; };
		C9DFFC3915E38F3E00D633F4 /* FundTransfer.m in Sources */ = {isa = PBXBuildFile; fileRef = C9DFFC2B15E38F3D00D633F4 /* FundTransfer.m */; };
		C9DFFC3A15E38F3E00D633F4 /* FundTransfer.xib in Resources */ = {isa = PBXBuildFile; fileRef = C9DFFC2C15E38F3D00D633F4 /* FundTransfer.xib */; };
		C9DFFC3B15E38F3E00D633F4 /* RecentTransactions.m in Sources */ = {isa = PBXBuildFile; fileRef = C9DFFC2E15E38F3D00D633F4 /* RecentTransactions.m */; };
		C9DFFC3C15E38F3E00D633F4 /* RecentTransactions.xib in Resources */ = {isa = PBXBuildFile; fileRef = C9DFFC2F15E38F3D00D633F4 /* RecentTransactions.xib */; };
		C9DFFC3D15E38F3E00D633F4 /* ViewTransactions.m in Sources */ = {isa = PBXBuildFile; fileRef = C9DFFC3115E38F3E00D633F4 /* ViewTransactions.m */; };
		C9DFFC3E15E38F3E00D633F4 /* ViewTransactions.xib in Resources */ = {isa = PBXBuildFile; fileRef = C9DFFC3215E38F3E00D633F4 /* ViewTransactions.xib */; };
		C9F0257915EF3AA9007F78ED /* Choose_StepUp_action.m in Sources */ = {isa = PBXBuildFile; fileRef = C9F0257715EF3AA9007F78ED /* Choose_StepUp_action.m */; };
		C9F0257A15EF3AA9007F78ED /* Choose_StepUp_action.xib in Resources */ = {isa = PBXBuildFile; fileRef = C9F0257815EF3AA9007F78ED /* Choose_StepUp_action.xib */; };
		FB4B38A11406B9F700E29DBB /* UIKit.framework in Frameworks */ = {isa = PBXBuildFile; fileRef = FB4B38A01406B9F700E29DBB /* UIKit.framework */; };
		FB4B38A31406B9F700E29DBB /* Foundation.framework in Frameworks */ = {isa = PBXBuildFile; fileRef = FB4B38A21406B9F700E29DBB /* Foundation.framework */; };
		FB4B38A51406B9F700E29DBB /* CoreGraphics.framework in Frameworks */ = {isa = PBXBuildFile; fileRef = FB4B38A41406B9F700E29DBB /* CoreGraphics.framework */; };
		FB4B38AB1406B9F700E29DBB /* InfoPlist.strings in Resources */ = {isa = PBXBuildFile; fileRef = FB4B38A91406B9F700E29DBB /* InfoPlist.strings */; };
		FB4B38AE1406B9F700E29DBB /* main.m in Sources */ = {isa = PBXBuildFile; fileRef = FB4B38AD1406B9F700E29DBB /* main.m */; };
		FB4B38B11406B9F700E29DBB /* IdentityxReferenceAppDelegate.m in Sources */ = {isa = PBXBuildFile; fileRef = FB4B38B01406B9F700E29DBB /* IdentityxReferenceAppDelegate.m */; };
		FB4B38B41406B9F700E29DBB /* MainWindow.xib in Resources */ = {isa = PBXBuildFile; fileRef = FB4B38B21406B9F700E29DBB /* MainWindow.xib */; };
		FB4B38B71406B9F700E29DBB /* TransactionListViewController.m in Sources */ = {isa = PBXBuildFile; fileRef = FB4B38B61406B9F700E29DBB /* TransactionListViewController.m */; };
		FB4B38BA1406B9F700E29DBB /* TransactionListViewController.xib in Resources */ = {isa = PBXBuildFile; fileRef = FB4B38B81406B9F700E29DBB /* TransactionListViewController.xib */; };
		FB4B38C11406BBDF00E29DBB /* SystemConfiguration.framework in Frameworks */ = {isa = PBXBuildFile; fileRef = FB4B38C01406BBDF00E29DBB /* SystemConfiguration.framework */; };
		FB4B38C31406BBE900E29DBB /* CoreLocation.framework in Frameworks */ = {isa = PBXBuildFile; fileRef = FB4B38C21406BBE900E29DBB /* CoreLocation.framework */; };
		FB4B38C51406BBF200E29DBB /* Security.framework in Frameworks */ = {isa = PBXBuildFile; fileRef = FB4B38C41406BBF200E29DBB /* Security.framework */; };
		FB4B38D61406BCD500E29DBB /* CaptureViewFactory.m in Sources */ = {isa = PBXBuildFile; fileRef = FB4B38D31406BCD500E29DBB /* CaptureViewFactory.m */; };
		FB4B38E81406C27100E29DBB /* CommitViewController.m in Sources */ = {isa = PBXBuildFile; fileRef = FB4B38E61406C27100E29DBB /* CommitViewController.m */; };
		FB4B38E91406C27100E29DBB /* CommitViewController.xib in Resources */ = {isa = PBXBuildFile; fileRef = FB4B38E71406C27100E29DBB /* CommitViewController.xib */; };
		FB8223E0140FDAC40010B542 /* Icon.png in Resources */ = {isa = PBXBuildFile; fileRef = FB8223DE140FDAC40010B542 /* Icon.png */; };
		FBCDD2BF147351930030C985 /* libidentityx_api.a in Frameworks */ = {isa = PBXBuildFile; fileRef = FBFC4EEA140D6F2F000D8038 /* libidentityx_api.a */; };
		FBEF47F41598988A00CAD08B /* AVFoundation.framework in Frameworks */ = {isa = PBXBuildFile; fileRef = FBEF47F31598988A00CAD08B /* AVFoundation.framework */; };
		FBEF47F5159898AF00CAD08B /* AudioToolbox.framework in Frameworks */ = {isa = PBXBuildFile; fileRef = FBFC4F04140E6C50000D8038 /* AudioToolbox.framework */; };
		FBFC4ECE140D5453000D8038 /* UserIDViewController.m in Sources */ = {isa = PBXBuildFile; fileRef = FBFC4ECC140D5453000D8038 /* UserIDViewController.m */; };
		FBFC4ECF140D5453000D8038 /* UserIDViewController.xib in Resources */ = {isa = PBXBuildFile; fileRef = FBFC4ECD140D5453000D8038 /* UserIDViewController.xib */; };
		FBFC4ED2140D5460000D8038 /* CaptureViewController.m in Sources */ = {isa = PBXBuildFile; fileRef = FBFC4ED1140D5460000D8038 /* CaptureViewController.m */; };
		FBFC4EE1140D54D0000D8038 /* IXErrors.plist in Resources */ = {isa = PBXBuildFile; fileRef = FBFC4EE0140D54D0000D8038 /* IXErrors.plist */; };
		FBFC4EE5140D5651000D8038 /* FaceViewController.m in Sources */ = {isa = PBXBuildFile; fileRef = FBFC4EE3140D5651000D8038 /* FaceViewController.m */; };
		FBFC4EE6140D5651000D8038 /* FaceViewController.xib in Resources */ = {isa = PBXBuildFile; fileRef = FBFC4EE4140D5651000D8038 /* FaceViewController.xib */; };
		FBFC4EE9140D5881000D8038 /* face.gif in Resources */ = {isa = PBXBuildFile; fileRef = FBFC4EE8140D5881000D8038 /* face.gif */; };
		FBFC4EEF140E5FCA000D8038 /* PalmViewController.m in Sources */ = {isa = PBXBuildFile; fileRef = FBFC4EED140E5FC9000D8038 /* PalmViewController.m */; };
		FBFC4EF0140E5FCA000D8038 /* PalmViewController.xib in Resources */ = {isa = PBXBuildFile; fileRef = FBFC4EEE140E5FCA000D8038 /* PalmViewController.xib */; };
		FBFC4EF2140E60A5000D8038 /* palm.png in Resources */ = {isa = PBXBuildFile; fileRef = FBFC4EF1140E60A5000D8038 /* palm.png */; };
		FBFC4EFE140E677B000D8038 /* VoiceViewController.m in Sources */ = {isa = PBXBuildFile; fileRef = FBFC4EFC140E677B000D8038 /* VoiceViewController.m */; };
		FBFC4EFF140E677B000D8038 /* VoiceViewController.xib in Resources */ = {isa = PBXBuildFile; fileRef = FBFC4EFD140E677B000D8038 /* VoiceViewController.xib */; };
/* End PBXBuildFile section */

/* Begin PBXFileReference section */
		3F33568D1608448E00AB876A /* SurveyView.h */ = {isa = PBXFileReference; fileEncoding = 4; lastKnownFileType = sourcecode.c.h; path = SurveyView.h; sourceTree = "<group>"; };
		3F33568E1608448E00AB876A /* SurveyView.m */ = {isa = PBXFileReference; fileEncoding = 4; lastKnownFileType = sourcecode.c.objc; path = SurveyView.m; sourceTree = "<group>"; };
		3F33568F1608448E00AB876A /* SurveyView.xib */ = {isa = PBXFileReference; fileEncoding = 4; lastKnownFileType = file.xib; path = SurveyView.xib; sourceTree = "<group>"; };
		C981BE9115F49CE200DF9270 /* PinViewController.m */ = {isa = PBXFileReference; fileEncoding = 4; lastKnownFileType = sourcecode.c.objc; path = PinViewController.m; sourceTree = "<group>"; };
		C981BE9215F49CE200DF9270 /* PinViewController.xib */ = {isa = PBXFileReference; fileEncoding = 4; lastKnownFileType = file.xib; path = PinViewController.xib; sourceTree = "<group>"; };
		C981BE9E15F4D27A00DF9270 /* FundTransferSuccess.h */ = {isa = PBXFileReference; fileEncoding = 4; lastKnownFileType = sourcecode.c.h; path = FundTransferSuccess.h; sourceTree = "<group>"; };
		C981BE9F15F4D27A00DF9270 /* FundTransferSuccess.m */ = {isa = PBXFileReference; fileEncoding = 4; lastKnownFileType = sourcecode.c.objc; path = FundTransferSuccess.m; sourceTree = "<group>"; };
		C981BEA015F4D27A00DF9270 /* FundTransferSuccess.xib */ = {isa = PBXFileReference; fileEncoding = 4; lastKnownFileType = file.xib; path = FundTransferSuccess.xib; sourceTree = "<group>"; };
		C987566615FF42EA0091957B /* Choose_Login_action.h */ = {isa = PBXFileReference; fileEncoding = 4; lastKnownFileType = sourcecode.c.h; path = Choose_Login_action.h; sourceTree = "<group>"; };
		C987566715FF42EB0091957B /* Choose_Login_action.m */ = {isa = PBXFileReference; fileEncoding = 4; lastKnownFileType = sourcecode.c.objc; path = Choose_Login_action.m; sourceTree = "<group>"; };
		C987566815FF42EC0091957B /* Choose_Login_action.xib */ = {isa = PBXFileReference; fileEncoding = 4; lastKnownFileType = file.xib; path = Choose_Login_action.xib; sourceTree = "<group>"; };
		C988625915E6499F00AF2506 /* Constants.h */ = {isa = PBXFileReference; fileEncoding = 4; lastKnownFileType = sourcecode.c.h; path = Constants.h; sourceTree = "<group>"; };
		C988928215F8584C008A8B83 /* green-icon1.png */ = {isa = PBXFileReference; lastKnownFileType = image.png; name = "green-icon1.png"; path = "images/green-icon1.png"; sourceTree = "<group>"; };
		C992955515EB6E7300FFF9E3 /* SecurityQA_Verify.h */ = {isa = PBXFileReference; fileEncoding = 4; lastKnownFileType = sourcecode.c.h; path = SecurityQA_Verify.h; sourceTree = "<group>"; };
		C992955615EB6E7300FFF9E3 /* SecurityQA_Verify.m */ = {isa = PBXFileReference; fileEncoding = 4; lastKnownFileType = sourcecode.c.objc; path = SecurityQA_Verify.m; sourceTree = "<group>"; };
		C992955715EB6E7300FFF9E3 /* SecurityQA_Verify.xib */ = {isa = PBXFileReference; fileEncoding = 4; lastKnownFileType = file.xib; path = SecurityQA_Verify.xib; sourceTree = "<group>"; };
		C9BD46D215E4C20600802FCC /* Home_icon.png */ = {isa = PBXFileReference; lastKnownFileType = image.png; path = Home_icon.png; sourceTree = "<group>"; };
		C9DFFBD715E3834C00D633F4 /* arrow_pink.png */ = {isa = PBXFileReference; lastKnownFileType = image.png; name = arrow_pink.png; path = images/arrow_pink.png; sourceTree = "<group>"; };
		C9DFFBD815E3834C00D633F4 /* back_btn.jpg */ = {isa = PBXFileReference; lastKnownFileType = image.jpeg; name = back_btn.jpg; path = images/back_btn.jpg; sourceTree = "<group>"; };
		C9DFFBD915E3834C00D633F4 /* back-icon1.png */ = {isa = PBXFileReference; lastKnownFileType = image.png; name = "back-icon1.png"; path = "images/back-icon1.png"; sourceTree = "<group>"; };
		C9DFFBDA15E3834C00D633F4 /* back-icon2.png */ = {isa = PBXFileReference; lastKnownFileType = image.png; name = "back-icon2.png"; path = "images/back-icon2.png"; sourceTree = "<group>"; };
		C9DFFBDB15E3834C00D633F4 /* Banking_accounts.png */ = {isa = PBXFileReference; lastKnownFileType = image.png; name = Banking_accounts.png; path = images/Banking_accounts.png; sourceTree = "<group>"; };
		C9DFFBDC15E3834C00D633F4 /* bg-top0.png */ = {isa = PBXFileReference; lastKnownFileType = image.png; name = "bg-top0.png"; path = "images/bg-top0.png"; sourceTree = "<group>"; };
		C9DFFBDD15E3834C00D633F4 /* bg-top1.png */ = {isa = PBXFileReference; lastKnownFileType = image.png; name = "bg-top1.png"; path = "images/bg-top1.png"; sourceTree = "<group>"; };
		C9DFFBDE15E3834C00D633F4 /* bluebutton.jpg */ = {isa = PBXFileReference; lastKnownFileType = image.jpeg; name = bluebutton.jpg; path = images/bluebutton.jpg; sourceTree = "<group>"; };
		C9DFFBDF15E3834C00D633F4 /* browse_our_products.png */ = {isa = PBXFileReference; lastKnownFileType = image.png; name = browse_our_products.png; path = images/browse_our_products.png; sourceTree = "<group>"; };
		C9DFFBE015E3834C00D633F4 /* CapitalOnedeals.png */ = {isa = PBXFileReference; lastKnownFileType = image.png; name = CapitalOnedeals.png; path = images/CapitalOnedeals.png; sourceTree = "<group>"; };
		C9DFFBE115E3834C00D633F4 /* capone_logo.jpg */ = {isa = PBXFileReference; lastKnownFileType = image.jpeg; name = capone_logo.jpg; path = images/capone_logo.jpg; sourceTree = "<group>"; };
		C9DFFBE215E3834C00D633F4 /* contactusIcon.png */ = {isa = PBXFileReference; lastKnownFileType = image.png; name = contactusIcon.png; path = images/contactusIcon.png; sourceTree = "<group>"; };
		C9DFFBE315E3834C00D633F4 /* CreditCardIcon.png */ = {isa = PBXFileReference; lastKnownFileType = image.png; name = CreditCardIcon.png; path = images/CreditCardIcon.png; sourceTree = "<group>"; };
		C9DFFBE415E3834C00D633F4 /* Find_branch_Atm.png */ = {isa = PBXFileReference; lastKnownFileType = image.png; name = Find_branch_Atm.png; path = images/Find_branch_Atm.png; sourceTree = "<group>"; };
		C9DFFBE515E3834C00D633F4 /* GiftIcon.png */ = {isa = PBXFileReference; lastKnownFileType = image.png; name = GiftIcon.png; path = images/GiftIcon.png; sourceTree = "<group>"; };
		C9DFFBE615E3834C00D633F4 /* Green_btn.jpg */ = {isa = PBXFileReference; lastKnownFileType = image.jpeg; name = Green_btn.jpg; path = images/Green_btn.jpg; sourceTree = "<group>"; };
		C9DFFBE715E3834C00D633F4 /* Header_bg.jpg */ = {isa = PBXFileReference; lastKnownFileType = image.jpeg; name = Header_bg.jpg; path = images/Header_bg.jpg; sourceTree = "<group>"; };
		C9DFFBE815E3834C00D633F4 /* Headerlogo.jpg */ = {isa = PBXFileReference; lastKnownFileType = image.jpeg; name = Headerlogo.jpg; path = images/Headerlogo.jpg; sourceTree = "<group>"; };
		C9DFFBE915E3834C00D633F4 /* Home_icon.jpg */ = {isa = PBXFileReference; lastKnownFileType = image.jpeg; name = Home_icon.jpg; path = images/Home_icon.jpg; sourceTree = "<group>"; };
		C9DFFBEB15E3834C00D633F4 /* identity-icon.jpg */ = {isa = PBXFileReference; lastKnownFileType = image.jpeg; name = "identity-icon.jpg"; path = "images/identity-icon.jpg"; sourceTree = "<group>"; };
		C9DFFBEC15E3834C00D633F4 /* lines.png */ = {isa = PBXFileReference; lastKnownFileType = image.png; name = lines.png; path = images/lines.png; sourceTree = "<group>"; };
		C9DFFBED15E3834C00D633F4 /* lock.png */ = {isa = PBXFileReference; lastKnownFileType = image.png; name = lock.png; path = images/lock.png; sourceTree = "<group>"; };
		C9DFFBEE15E3834C00D633F4 /* lock1.png */ = {isa = PBXFileReference; lastKnownFileType = image.png; name = lock1.png; path = images/lock1.png; sourceTree = "<group>"; };
		C9DFFBEF15E3834C00D633F4 /* lock2.png */ = {isa = PBXFileReference; lastKnownFileType = image.png; name = lock2.png; path = images/lock2.png; sourceTree = "<group>"; };
		C9DFFBF015E3834C00D633F4 /* LoginFieldsBg.jpg */ = {isa = PBXFileReference; lastKnownFileType = image.jpeg; name = LoginFieldsBg.jpg; path = images/LoginFieldsBg.jpg; sourceTree = "<group>"; };
		C9DFFBF115E3834C00D633F4 /* logout.png */ = {isa = PBXFileReference; lastKnownFileType = image.png; name = logout.png; path = images/logout.png; sourceTree = "<group>"; };
		C9DFFBF215E3834C00D633F4 /* Mic_icon.jpg */ = {isa = PBXFileReference; lastKnownFileType = image.jpeg; name = Mic_icon.jpg; path = images/Mic_icon.jpg; sourceTree = "<group>"; };
		C9DFFBF315E3834C00D633F4 /* Mobile_banking.png */ = {isa = PBXFileReference; lastKnownFileType = image.png; name = Mobile_banking.png; path = images/Mobile_banking.png; sourceTree = "<group>"; };
		C9DFFBF415E3834C00D633F4 /* NavbarBG.jpg */ = {isa = PBXFileReference; lastKnownFileType = image.jpeg; name = NavbarBG.jpg; path = images/NavbarBG.jpg; sourceTree = "<group>"; };
		C9DFFBF515E3834C00D633F4 /* open_lock.png */ = {isa = PBXFileReference; lastKnownFileType = image.png; name = open_lock.png; path = images/open_lock.png; sourceTree = "<group>"; };
		C9DFFBF615E3834C00D633F4 /* right-arrow.png */ = {isa = PBXFileReference; lastKnownFileType = image.png; name = "right-arrow.png"; path = "images/right-arrow.png"; sourceTree = "<group>"; };
		C9DFFC1C15E38D2900D633F4 /* LoginScreen.h */ = {isa = PBXFileReference; fileEncoding = 4; lastKnownFileType = sourcecode.c.h; path = LoginScreen.h; sourceTree = "<group>"; };
		C9DFFC1D15E38D2900D633F4 /* LoginScreen.m */ = {isa = PBXFileReference; fileEncoding = 4; lastKnownFileType = sourcecode.c.objc; path = LoginScreen.m; sourceTree = "<group>"; };
		C9DFFC1E15E38D2900D633F4 /* LoginScreen.xib */ = {isa = PBXFileReference; fileEncoding = 4; lastKnownFileType = file.xib; path = LoginScreen.xib; sourceTree = "<group>"; };
		C9DFFC2115E38F3D00D633F4 /* AccountSummary.h */ = {isa = PBXFileReference; fileEncoding = 4; lastKnownFileType = sourcecode.c.h; path = AccountSummary.h; sourceTree = "<group>"; };
		C9DFFC2215E38F3D00D633F4 /* AccountSummary.m */ = {isa = PBXFileReference; fileEncoding = 4; lastKnownFileType = sourcecode.c.objc; path = AccountSummary.m; sourceTree = "<group>"; };
		C9DFFC2315E38F3D00D633F4 /* AccountSummary.xib */ = {isa = PBXFileReference; fileEncoding = 4; lastKnownFileType = file.xib; path = AccountSummary.xib; sourceTree = "<group>"; };
		C9DFFC2415E38F3D00D633F4 /* CustomerSummary.h */ = {isa = PBXFileReference; fileEncoding = 4; lastKnownFileType = sourcecode.c.h; path = CustomerSummary.h; sourceTree = "<group>"; };
		C9DFFC2515E38F3D00D633F4 /* CustomerSummary.m */ = {isa = PBXFileReference; fileEncoding = 4; lastKnownFileType = sourcecode.c.objc; path = CustomerSummary.m; sourceTree = "<group>"; };
		C9DFFC2615E38F3D00D633F4 /* CustomerSummary.xib */ = {isa = PBXFileReference; fileEncoding = 4; lastKnownFileType = file.xib; path = CustomerSummary.xib; sourceTree = "<group>"; };
		C9DFFC2715E38F3D00D633F4 /* EnrollScreen.h */ = {isa = PBXFileReference; fileEncoding = 4; lastKnownFileType = sourcecode.c.h; path = EnrollScreen.h; sourceTree = "<group>"; };
		C9DFFC2815E38F3D00D633F4 /* EnrollScreen.m */ = {isa = PBXFileReference; fileEncoding = 4; lastKnownFileType = sourcecode.c.objc; path = EnrollScreen.m; sourceTree = "<group>"; };
		C9DFFC2915E38F3D00D633F4 /* EnrollScreen.xib */ = {isa = PBXFileReference; fileEncoding = 4; lastKnownFileType = file.xib; path = EnrollScreen.xib; sourceTree = "<group>"; };
		C9DFFC2A15E38F3D00D633F4 /* FundTransfer.h */ = {isa = PBXFileReference; fileEncoding = 4; lastKnownFileType = sourcecode.c.h; path = FundTransfer.h; sourceTree = "<group>"; };
		C9DFFC2B15E38F3D00D633F4 /* FundTransfer.m */ = {isa = PBXFileReference; fileEncoding = 4; lastKnownFileType = sourcecode.c.objc; path = FundTransfer.m; sourceTree = "<group>"; };
		C9DFFC2C15E38F3D00D633F4 /* FundTransfer.xib */ = {isa = PBXFileReference; fileEncoding = 4; lastKnownFileType = file.xib; path = FundTransfer.xib; sourceTree = "<group>"; };
		C9DFFC2D15E38F3D00D633F4 /* RecentTransactions.h */ = {isa = PBXFileReference; fileEncoding = 4; lastKnownFileType = sourcecode.c.h; path = RecentTransactions.h; sourceTree = "<group>"; };
		C9DFFC2E15E38F3D00D633F4 /* RecentTransactions.m */ = {isa = PBXFileReference; fileEncoding = 4; lastKnownFileType = sourcecode.c.objc; path = RecentTransactions.m; sourceTree = "<group>"; };
		C9DFFC2F15E38F3D00D633F4 /* RecentTransactions.xib */ = {isa = PBXFileReference; fileEncoding = 4; lastKnownFileType = file.xib; path = RecentTransactions.xib; sourceTree = "<group>"; };
		C9DFFC3015E38F3D00D633F4 /* ViewTransactions.h */ = {isa = PBXFileReference; fileEncoding = 4; lastKnownFileType = sourcecode.c.h; path = ViewTransactions.h; sourceTree = "<group>"; };
		C9DFFC3115E38F3E00D633F4 /* ViewTransactions.m */ = {isa = PBXFileReference; fileEncoding = 4; lastKnownFileType = sourcecode.c.objc; path = ViewTransactions.m; sourceTree = "<group>"; };
		C9DFFC3215E38F3E00D633F4 /* ViewTransactions.xib */ = {isa = PBXFileReference; fileEncoding = 4; lastKnownFileType = file.xib; path = ViewTransactions.xib; sourceTree = "<group>"; };
		C9F0257615EF3AA9007F78ED /* Choose_StepUp_action.h */ = {isa = PBXFileReference; fileEncoding = 4; lastKnownFileType = sourcecode.c.h; path = Choose_StepUp_action.h; sourceTree = "<group>"; };
		C9F0257715EF3AA9007F78ED /* Choose_StepUp_action.m */ = {isa = PBXFileReference; fileEncoding = 4; lastKnownFileType = sourcecode.c.objc; path = Choose_StepUp_action.m; sourceTree = "<group>"; };
		C9F0257815EF3AA9007F78ED /* Choose_StepUp_action.xib */ = {isa = PBXFileReference; fileEncoding = 4; lastKnownFileType = file.xib; path = Choose_StepUp_action.xib; sourceTree = "<group>"; };
		FB4B389C1406B9F700E29DBB /* Biometric_POC_v1.6.app */ = {isa = PBXFileReference; explicitFileType = wrapper.application; includeInIndex = 0; path = Biometric_POC_v1.6.app; sourceTree = BUILT_PRODUCTS_DIR; };
		FB4B38A01406B9F700E29DBB /* UIKit.framework */ = {isa = PBXFileReference; lastKnownFileType = wrapper.framework; name = UIKit.framework; path = System/Library/Frameworks/UIKit.framework; sourceTree = SDKROOT; };
		FB4B38A21406B9F700E29DBB /* Foundation.framework */ = {isa = PBXFileReference; lastKnownFileType = wrapper.framework; name = Foundation.framework; path = System/Library/Frameworks/Foundation.framework; sourceTree = SDKROOT; };
		FB4B38A41406B9F700E29DBB /* CoreGraphics.framework */ = {isa = PBXFileReference; lastKnownFileType = wrapper.framework; name = CoreGraphics.framework; path = System/Library/Frameworks/CoreGraphics.framework; sourceTree = SDKROOT; };
		FB4B38A81406B9F700E29DBB /* identityx_reference-Info.plist */ = {isa = PBXFileReference; lastKnownFileType = text.plist.xml; path = "identityx_reference-Info.plist"; sourceTree = "<group>"; };
		FB4B38AA1406B9F700E29DBB /* en */ = {isa = PBXFileReference; lastKnownFileType = text.plist.strings; name = en; path = en.lproj/InfoPlist.strings; sourceTree = "<group>"; };
		FB4B38AC1406B9F700E29DBB /* identityx_reference-Prefix.pch */ = {isa = PBXFileReference; lastKnownFileType = sourcecode.c.h; path = "identityx_reference-Prefix.pch"; sourceTree = "<group>"; };
		FB4B38AD1406B9F700E29DBB /* main.m */ = {isa = PBXFileReference; lastKnownFileType = sourcecode.c.objc; path = main.m; sourceTree = "<group>"; };
		FB4B38AF1406B9F700E29DBB /* IdentityxReferenceAppDelegate.h */ = {isa = PBXFileReference; lastKnownFileType = sourcecode.c.h; path = IdentityxReferenceAppDelegate.h; sourceTree = "<group>"; };
		FB4B38B01406B9F700E29DBB /* IdentityxReferenceAppDelegate.m */ = {isa = PBXFileReference; lastKnownFileType = sourcecode.c.objc; path = IdentityxReferenceAppDelegate.m; sourceTree = "<group>"; };
		FB4B38B31406B9F700E29DBB /* en */ = {isa = PBXFileReference; lastKnownFileType = file.xib; name = en; path = en.lproj/MainWindow.xib; sourceTree = "<group>"; };
		FB4B38B51406B9F700E29DBB /* TransactionListViewController.h */ = {isa = PBXFileReference; lastKnownFileType = sourcecode.c.h; path = TransactionListViewController.h; sourceTree = "<group>"; };
		FB4B38B61406B9F700E29DBB /* TransactionListViewController.m */ = {isa = PBXFileReference; lastKnownFileType = sourcecode.c.objc; path = TransactionListViewController.m; sourceTree = "<group>"; };
		FB4B38B91406B9F700E29DBB /* en */ = {isa = PBXFileReference; lastKnownFileType = file.xib; name = en; path = en.lproj/TransactionListViewController.xib; sourceTree = "<group>"; };
		FB4B38C01406BBDF00E29DBB /* SystemConfiguration.framework */ = {isa = PBXFileReference; lastKnownFileType = wrapper.framework; name = SystemConfiguration.framework; path = System/Library/Frameworks/SystemConfiguration.framework; sourceTree = SDKROOT; };
		FB4B38C21406BBE900E29DBB /* CoreLocation.framework */ = {isa = PBXFileReference; lastKnownFileType = wrapper.framework; name = CoreLocation.framework; path = System/Library/Frameworks/CoreLocation.framework; sourceTree = SDKROOT; };
		FB4B38C41406BBF200E29DBB /* Security.framework */ = {isa = PBXFileReference; lastKnownFileType = wrapper.framework; name = Security.framework; path = System/Library/Frameworks/Security.framework; sourceTree = SDKROOT; };
		FB4B38CF1406BCD500E29DBB /* PinViewController.h */ = {isa = PBXFileReference; fileEncoding = 4; lastKnownFileType = sourcecode.c.h; path = PinViewController.h; sourceTree = "<group>"; };
		FB4B38D21406BCD500E29DBB /* CaptureViewFactory.h */ = {isa = PBXFileReference; fileEncoding = 4; lastKnownFileType = sourcecode.c.h; path = CaptureViewFactory.h; sourceTree = "<group>"; };
		FB4B38D31406BCD500E29DBB /* CaptureViewFactory.m */ = {isa = PBXFileReference; fileEncoding = 4; lastKnownFileType = sourcecode.c.objc; path = CaptureViewFactory.m; sourceTree = "<group>"; };
		FB4B38E51406C27100E29DBB /* CommitViewController.h */ = {isa = PBXFileReference; fileEncoding = 4; lastKnownFileType = sourcecode.c.h; path = CommitViewController.h; sourceTree = "<group>"; };
		FB4B38E61406C27100E29DBB /* CommitViewController.m */ = {isa = PBXFileReference; fileEncoding = 4; lastKnownFileType = sourcecode.c.objc; path = CommitViewController.m; sourceTree = "<group>"; };
		FB4B38E71406C27100E29DBB /* CommitViewController.xib */ = {isa = PBXFileReference; fileEncoding = 4; lastKnownFileType = file.xib; path = CommitViewController.xib; sourceTree = "<group>"; };
		FB599915150140E9001E31EA /* IXCommand.h */ = {isa = PBXFileReference; fileEncoding = 4; lastKnownFileType = sourcecode.c.h; name = IXCommand.h; path = identityx_api/include/IXCommand.h; sourceTree = SOURCE_ROOT; };
		FB8223DE140FDAC40010B542 /* Icon.png */ = {isa = PBXFileReference; lastKnownFileType = image.png; path = Icon.png; sourceTree = "<group>"; };
		FBEF47F31598988A00CAD08B /* AVFoundation.framework */ = {isa = PBXFileReference; lastKnownFileType = wrapper.framework; name = AVFoundation.framework; path = System/Library/Frameworks/AVFoundation.framework; sourceTree = SDKROOT; };
		FBFC4ECB140D5453000D8038 /* UserIDViewController.h */ = {isa = PBXFileReference; fileEncoding = 4; lastKnownFileType = sourcecode.c.h; path = UserIDViewController.h; sourceTree = "<group>"; };
		FBFC4ECC140D5453000D8038 /* UserIDViewController.m */ = {isa = PBXFileReference; fileEncoding = 4; lastKnownFileType = sourcecode.c.objc; path = UserIDViewController.m; sourceTree = "<group>"; };
		FBFC4ECD140D5453000D8038 /* UserIDViewController.xib */ = {isa = PBXFileReference; fileEncoding = 4; lastKnownFileType = file.xib; path = UserIDViewController.xib; sourceTree = "<group>"; };
		FBFC4ED0140D545F000D8038 /* CaptureViewController.h */ = {isa = PBXFileReference; fileEncoding = 4; lastKnownFileType = sourcecode.c.h; path = CaptureViewController.h; sourceTree = "<group>"; };
		FBFC4ED1140D5460000D8038 /* CaptureViewController.m */ = {isa = PBXFileReference; fileEncoding = 4; lastKnownFileType = sourcecode.c.objc; path = CaptureViewController.m; sourceTree = "<group>"; };
		FBFC4ED5140D54B7000D8038 /* IXAll.h */ = {isa = PBXFileReference; fileEncoding = 4; lastKnownFileType = sourcecode.c.h; name = IXAll.h; path = identityx_api/include/IXAll.h; sourceTree = SOURCE_ROOT; };
		FBFC4ED6140D54B7000D8038 /* IXAudio.h */ = {isa = PBXFileReference; fileEncoding = 4; lastKnownFileType = sourcecode.c.h; name = IXAudio.h; path = identityx_api/include/IXAudio.h; sourceTree = SOURCE_ROOT; };
		FBFC4ED7140D54B7000D8038 /* IXNet.h */ = {isa = PBXFileReference; fileEncoding = 4; lastKnownFileType = sourcecode.c.h; name = IXNet.h; path = identityx_api/include/IXNet.h; sourceTree = SOURCE_ROOT; };
		FBFC4ED8140D54B7000D8038 /* IXParser.h */ = {isa = PBXFileReference; fileEncoding = 4; lastKnownFileType = sourcecode.c.h; name = IXParser.h; path = identityx_api/include/IXParser.h; sourceTree = SOURCE_ROOT; };
		FBFC4ED9140D54B7000D8038 /* IXRequest.h */ = {isa = PBXFileReference; fileEncoding = 4; lastKnownFileType = sourcecode.c.h; name = IXRequest.h; path = identityx_api/include/IXRequest.h; sourceTree = SOURCE_ROOT; };
		FBFC4EDA140D54B7000D8038 /* IXRequestDelegate.h */ = {isa = PBXFileReference; fileEncoding = 4; lastKnownFileType = sourcecode.c.h; name = IXRequestDelegate.h; path = identityx_api/include/IXRequestDelegate.h; sourceTree = SOURCE_ROOT; };
		FBFC4EDB140D54B7000D8038 /* IXResponse.h */ = {isa = PBXFileReference; fileEncoding = 4; lastKnownFileType = sourcecode.c.h; name = IXResponse.h; path = identityx_api/include/IXResponse.h; sourceTree = SOURCE_ROOT; };
		FBFC4EDC140D54B7000D8038 /* IXService.h */ = {isa = PBXFileReference; fileEncoding = 4; lastKnownFileType = sourcecode.c.h; name = IXService.h; path = identityx_api/include/IXService.h; sourceTree = SOURCE_ROOT; };
		FBFC4EDD140D54B7000D8038 /* IXServiceDelegate.h */ = {isa = PBXFileReference; fileEncoding = 4; lastKnownFileType = sourcecode.c.h; name = IXServiceDelegate.h; path = identityx_api/include/IXServiceDelegate.h; sourceTree = SOURCE_ROOT; };
		FBFC4EDE140D54B7000D8038 /* IXTransaction.h */ = {isa = PBXFileReference; fileEncoding = 4; lastKnownFileType = sourcecode.c.h; name = IXTransaction.h; path = identityx_api/include/IXTransaction.h; sourceTree = SOURCE_ROOT; };
		FBFC4EDF140D54B7000D8038 /* IXTransactionDelegate.h */ = {isa = PBXFileReference; fileEncoding = 4; lastKnownFileType = sourcecode.c.h; name = IXTransactionDelegate.h; path = identityx_api/include/IXTransactionDelegate.h; sourceTree = SOURCE_ROOT; };
		FBFC4EE0140D54D0000D8038 /* IXErrors.plist */ = {isa = PBXFileReference; fileEncoding = 4; lastKnownFileType = text.plist.xml; name = IXErrors.plist; path = identityx_api/res/IXErrors.plist; sourceTree = SOURCE_ROOT; };
		FBFC4EE2140D5651000D8038 /* FaceViewController.h */ = {isa = PBXFileReference; fileEncoding = 4; lastKnownFileType = sourcecode.c.h; path = FaceViewController.h; sourceTree = "<group>"; };
		FBFC4EE3140D5651000D8038 /* FaceViewController.m */ = {isa = PBXFileReference; fileEncoding = 4; lastKnownFileType = sourcecode.c.objc; path = FaceViewController.m; sourceTree = "<group>"; };
		FBFC4EE4140D5651000D8038 /* FaceViewController.xib */ = {isa = PBXFileReference; fileEncoding = 4; lastKnownFileType = file.xib; path = FaceViewController.xib; sourceTree = "<group>"; };
		FBFC4EE8140D5881000D8038 /* face.gif */ = {isa = PBXFileReference; lastKnownFileType = image.gif; path = face.gif; sourceTree = "<group>"; };
		FBFC4EEA140D6F2F000D8038 /* libidentityx_api.a */ = {isa = PBXFileReference; lastKnownFileType = archive.ar; name = libidentityx_api.a; path = identityx_api/lib/phone/libidentityx_api.a; sourceTree = "<group>"; };
		FBFC4EEC140E5FC9000D8038 /* PalmViewController.h */ = {isa = PBXFileReference; fileEncoding = 4; lastKnownFileType = sourcecode.c.h; path = PalmViewController.h; sourceTree = "<group>"; };
		FBFC4EED140E5FC9000D8038 /* PalmViewController.m */ = {isa = PBXFileReference; fileEncoding = 4; lastKnownFileType = sourcecode.c.objc; path = PalmViewController.m; sourceTree = "<group>"; };
		FBFC4EEE140E5FCA000D8038 /* PalmViewController.xib */ = {isa = PBXFileReference; fileEncoding = 4; lastKnownFileType = file.xib; path = PalmViewController.xib; sourceTree = "<group>"; };
		FBFC4EF1140E60A5000D8038 /* palm.png */ = {isa = PBXFileReference; lastKnownFileType = image.png; path = palm.png; sourceTree = "<group>"; };
		FBFC4EFB140E677A000D8038 /* VoiceViewController.h */ = {isa = PBXFileReference; fileEncoding = 4; lastKnownFileType = sourcecode.c.h; path = VoiceViewController.h; sourceTree = "<group>"; };
		FBFC4EFC140E677B000D8038 /* VoiceViewController.m */ = {isa = PBXFileReference; fileEncoding = 4; lastKnownFileType = sourcecode.c.objc; path = VoiceViewController.m; sourceTree = "<group>"; };
		FBFC4EFD140E677B000D8038 /* VoiceViewController.xib */ = {isa = PBXFileReference; fileEncoding = 4; lastKnownFileType = file.xib; path = VoiceViewController.xib; sourceTree = "<group>"; };
		FBFC4F04140E6C50000D8038 /* AudioToolbox.framework */ = {isa = PBXFileReference; lastKnownFileType = wrapper.framework; name = AudioToolbox.framework; path = System/Library/Frameworks/AudioToolbox.framework; sourceTree = SDKROOT; };
/* End PBXFileReference section */

/* Begin PBXFrameworksBuildPhase section */
		FB4B38991406B9F700E29DBB /* Frameworks */ = {
			isa = PBXFrameworksBuildPhase;
			buildActionMask = 2147483647;
			files = (
				FBEF47F5159898AF00CAD08B /* AudioToolbox.framework in Frameworks */,
				FBEF47F41598988A00CAD08B /* AVFoundation.framework in Frameworks */,
				FBCDD2BF147351930030C985 /* libidentityx_api.a in Frameworks */,
				FB4B38C51406BBF200E29DBB /* Security.framework in Frameworks */,
				FB4B38C31406BBE900E29DBB /* CoreLocation.framework in Frameworks */,
				FB4B38C11406BBDF00E29DBB /* SystemConfiguration.framework in Frameworks */,
				FB4B38A11406B9F700E29DBB /* UIKit.framework in Frameworks */,
				FB4B38A31406B9F700E29DBB /* Foundation.framework in Frameworks */,
				FB4B38A51406B9F700E29DBB /* CoreGraphics.framework in Frameworks */,
			);
			runOnlyForDeploymentPostprocessing = 0;
		};
/* End PBXFrameworksBuildPhase section */

/* Begin PBXGroup section */
		C9DFFBD515E3832700D633F4 /* Images */ = {
			isa = PBXGroup;
			children = (
				C988928215F8584C008A8B83 /* green-icon1.png */,
				C9BD46D215E4C20600802FCC /* Home_icon.png */,
				C9DFFBD715E3834C00D633F4 /* arrow_pink.png */,
				C9DFFBD815E3834C00D633F4 /* back_btn.jpg */,
				C9DFFBD915E3834C00D633F4 /* back-icon1.png */,
				C9DFFBDA15E3834C00D633F4 /* back-icon2.png */,
				C9DFFBDB15E3834C00D633F4 /* Banking_accounts.png */,
				C9DFFBDC15E3834C00D633F4 /* bg-top0.png */,
				C9DFFBDD15E3834C00D633F4 /* bg-top1.png */,
				C9DFFBDE15E3834C00D633F4 /* bluebutton.jpg */,
				C9DFFBDF15E3834C00D633F4 /* browse_our_products.png */,
				C9DFFBE015E3834C00D633F4 /* CapitalOnedeals.png */,
				C9DFFBE115E3834C00D633F4 /* capone_logo.jpg */,
				C9DFFBE215E3834C00D633F4 /* contactusIcon.png */,
				C9DFFBE315E3834C00D633F4 /* CreditCardIcon.png */,
				C9DFFBE415E3834C00D633F4 /* Find_branch_Atm.png */,
				C9DFFBE515E3834C00D633F4 /* GiftIcon.png */,
				C9DFFBE615E3834C00D633F4 /* Green_btn.jpg */,
				C9DFFBE715E3834C00D633F4 /* Header_bg.jpg */,
				C9DFFBE815E3834C00D633F4 /* Headerlogo.jpg */,
				C9DFFBE915E3834C00D633F4 /* Home_icon.jpg */,
				C9DFFBEB15E3834C00D633F4 /* identity-icon.jpg */,
				C9DFFBEC15E3834C00D633F4 /* lines.png */,
				C9DFFBED15E3834C00D633F4 /* lock.png */,
				C9DFFBEE15E3834C00D633F4 /* lock1.png */,
				C9DFFBEF15E3834C00D633F4 /* lock2.png */,
				C9DFFBF015E3834C00D633F4 /* LoginFieldsBg.jpg */,
				C9DFFBF115E3834C00D633F4 /* logout.png */,
				C9DFFBF215E3834C00D633F4 /* Mic_icon.jpg */,
				C9DFFBF315E3834C00D633F4 /* Mobile_banking.png */,
				C9DFFBF415E3834C00D633F4 /* NavbarBG.jpg */,
				C9DFFBF515E3834C00D633F4 /* open_lock.png */,
				C9DFFBF615E3834C00D633F4 /* right-arrow.png */,
			);
			name = Images;
			sourceTree = "<group>";
		};
		C9DFFC1B15E38D0300D633F4 /* CapitalOne View Controllers */ = {
			isa = PBXGroup;
			children = (
				C9DFFC2115E38F3D00D633F4 /* AccountSummary.h */,
				C9DFFC2215E38F3D00D633F4 /* AccountSummary.m */,
				C9DFFC2315E38F3D00D633F4 /* AccountSummary.xib */,
				C9DFFC2415E38F3D00D633F4 /* CustomerSummary.h */,
				C9DFFC2515E38F3D00D633F4 /* CustomerSummary.m */,
				C9DFFC2615E38F3D00D633F4 /* CustomerSummary.xib */,
				C9DFFC2715E38F3D00D633F4 /* EnrollScreen.h */,
				C9DFFC2815E38F3D00D633F4 /* EnrollScreen.m */,
				C9DFFC2915E38F3D00D633F4 /* EnrollScreen.xib */,
				C9DFFC2A15E38F3D00D633F4 /* FundTransfer.h */,
				C9DFFC2B15E38F3D00D633F4 /* FundTransfer.m */,
				C9DFFC2C15E38F3D00D633F4 /* FundTransfer.xib */,
				C9DFFC2D15E38F3D00D633F4 /* RecentTransactions.h */,
				C9DFFC2E15E38F3D00D633F4 /* RecentTransactions.m */,
				C9DFFC2F15E38F3D00D633F4 /* RecentTransactions.xib */,
				C9DFFC3015E38F3D00D633F4 /* ViewTransactions.h */,
				C9DFFC3115E38F3E00D633F4 /* ViewTransactions.m */,
				C9DFFC3215E38F3E00D633F4 /* ViewTransactions.xib */,
				C9DFFC1C15E38D2900D633F4 /* LoginScreen.h */,
				C9DFFC1D15E38D2900D633F4 /* LoginScreen.m */,
				C9DFFC1E15E38D2900D633F4 /* LoginScreen.xib */,
				C988625915E6499F00AF2506 /* Constants.h */,
				C992955515EB6E7300FFF9E3 /* SecurityQA_Verify.h */,
				C992955615EB6E7300FFF9E3 /* SecurityQA_Verify.m */,
				C992955715EB6E7300FFF9E3 /* SecurityQA_Verify.xib */,
				C9F0257615EF3AA9007F78ED /* Choose_StepUp_action.h */,
				C9F0257715EF3AA9007F78ED /* Choose_StepUp_action.m */,
				C9F0257815EF3AA9007F78ED /* Choose_StepUp_action.xib */,
				C987566615FF42EA0091957B /* Choose_Login_action.h */,
				C987566715FF42EB0091957B /* Choose_Login_action.m */,
				C987566815FF42EC0091957B /* Choose_Login_action.xib */,
				C981BE9E15F4D27A00DF9270 /* FundTransferSuccess.h */,
				C981BE9F15F4D27A00DF9270 /* FundTransferSuccess.m */,
				C981BEA015F4D27A00DF9270 /* FundTransferSuccess.xib */,
				3F33568D1608448E00AB876A /* SurveyView.h */,
				3F33568E1608448E00AB876A /* SurveyView.m */,
				3F33568F1608448E00AB876A /* SurveyView.xib */,
			);
			name = "CapitalOne View Controllers";
			sourceTree = "<group>";
		};
		FB4B38911406B9F600E29DBB = {
			isa = PBXGroup;
			children = (
				FBEF47F31598988A00CAD08B /* AVFoundation.framework */,
				FB4B38A61406B9F700E29DBB /* identityx_reference */,
				FB4B389F1406B9F700E29DBB /* Frameworks */,
				FB4B389D1406B9F700E29DBB /* Products */,
			);
			sourceTree = "<group>";
		};
		FB4B389D1406B9F700E29DBB /* Products */ = {
			isa = PBXGroup;
			children = (
				FB4B389C1406B9F700E29DBB /* Biometric_POC_v1.6.app */,
			);
			name = Products;
			sourceTree = "<group>";
		};
		FB4B389F1406B9F700E29DBB /* Frameworks */ = {
			isa = PBXGroup;
			children = (
				FBFC4EEA140D6F2F000D8038 /* libidentityx_api.a */,
				FBFC4F04140E6C50000D8038 /* AudioToolbox.framework */,
				FB4B38C21406BBE900E29DBB /* CoreLocation.framework */,
				FB4B38C41406BBF200E29DBB /* Security.framework */,
				FB4B38C01406BBDF00E29DBB /* SystemConfiguration.framework */,
				FB4B38A01406B9F700E29DBB /* UIKit.framework */,
				FB4B38A21406B9F700E29DBB /* Foundation.framework */,
				FB4B38A41406B9F700E29DBB /* CoreGraphics.framework */,
			);
			name = Frameworks;
			sourceTree = "<group>";
		};
		FB4B38A61406B9F700E29DBB /* identityx_reference */ = {
			isa = PBXGroup;
			children = (
				C9DFFC1B15E38D0300D633F4 /* CapitalOne View Controllers */,
				FBFC4EE7140D585E000D8038 /* Resources */,
				FB4B38D71406BD1D00E29DBB /* IdentityX Interface */,
				FBFC4EC1140D533D000D8038 /* Capture View Controllers */,
				FB4B38D21406BCD500E29DBB /* CaptureViewFactory.h */,
				FB4B38D31406BCD500E29DBB /* CaptureViewFactory.m */,
				FBFC4ED0140D545F000D8038 /* CaptureViewController.h */,
				FBFC4ED1140D5460000D8038 /* CaptureViewController.m */,
				FB4B38AF1406B9F700E29DBB /* IdentityxReferenceAppDelegate.h */,
				FB4B38B01406B9F700E29DBB /* IdentityxReferenceAppDelegate.m */,
				FB4B38B21406B9F700E29DBB /* MainWindow.xib */,
				FB4B38B51406B9F700E29DBB /* TransactionListViewController.h */,
				FB4B38B61406B9F700E29DBB /* TransactionListViewController.m */,
				FB4B38B81406B9F700E29DBB /* TransactionListViewController.xib */,
				FB4B38A71406B9F700E29DBB /* Supporting Files */,
			);
			path = identityx_reference;
			sourceTree = "<group>";
		};
		FB4B38A71406B9F700E29DBB /* Supporting Files */ = {
			isa = PBXGroup;
			children = (
				FB4B38A81406B9F700E29DBB /* identityx_reference-Info.plist */,
				FB4B38A91406B9F700E29DBB /* InfoPlist.strings */,
				FB4B38AC1406B9F700E29DBB /* identityx_reference-Prefix.pch */,
				FB4B38AD1406B9F700E29DBB /* main.m */,
			);
			name = "Supporting Files";
			sourceTree = "<group>";
		};
		FB4B38D71406BD1D00E29DBB /* IdentityX Interface */ = {
			isa = PBXGroup;
			children = (
				FB599915150140E9001E31EA /* IXCommand.h */,
				FBFC4ED5140D54B7000D8038 /* IXAll.h */,
				FBFC4ED6140D54B7000D8038 /* IXAudio.h */,
				FBFC4ED7140D54B7000D8038 /* IXNet.h */,
				FBFC4ED8140D54B7000D8038 /* IXParser.h */,
				FBFC4ED9140D54B7000D8038 /* IXRequest.h */,
				FBFC4EDA140D54B7000D8038 /* IXRequestDelegate.h */,
				FBFC4EDB140D54B7000D8038 /* IXResponse.h */,
				FBFC4EDC140D54B7000D8038 /* IXService.h */,
				FBFC4EDD140D54B7000D8038 /* IXServiceDelegate.h */,
				FBFC4EDE140D54B7000D8038 /* IXTransaction.h */,
				FBFC4EDF140D54B7000D8038 /* IXTransactionDelegate.h */,
			);
			name = "IdentityX Interface";
			path = identityx_api/include;
			sourceTree = "<group>";
		};
		FBFC4EC1140D533D000D8038 /* Capture View Controllers */ = {
			isa = PBXGroup;
			children = (
				FBFC4ECB140D5453000D8038 /* UserIDViewController.h */,
				FBFC4ECC140D5453000D8038 /* UserIDViewController.m */,
				FBFC4ECD140D5453000D8038 /* UserIDViewController.xib */,
				FB4B38CF1406BCD500E29DBB /* PinViewController.h */,
				C981BE9115F49CE200DF9270 /* PinViewController.m */,
				C981BE9215F49CE200DF9270 /* PinViewController.xib */,
				FB4B38E51406C27100E29DBB /* CommitViewController.h */,
				FB4B38E61406C27100E29DBB /* CommitViewController.m */,
				FB4B38E71406C27100E29DBB /* CommitViewController.xib */,
				FBFC4EE2140D5651000D8038 /* FaceViewController.h */,
				FBFC4EE3140D5651000D8038 /* FaceViewController.m */,
				FBFC4EE4140D5651000D8038 /* FaceViewController.xib */,
				FBFC4EEC140E5FC9000D8038 /* PalmViewController.h */,
				FBFC4EED140E5FC9000D8038 /* PalmViewController.m */,
				FBFC4EEE140E5FCA000D8038 /* PalmViewController.xib */,
				FBFC4EFB140E677A000D8038 /* VoiceViewController.h */,
				FBFC4EFC140E677B000D8038 /* VoiceViewController.m */,
				FBFC4EFD140E677B000D8038 /* VoiceViewController.xib */,
			);
			name = "Capture View Controllers";
			sourceTree = "<group>";
		};
		FBFC4EE7140D585E000D8038 /* Resources */ = {
			isa = PBXGroup;
			children = (
				C9DFFBD515E3832700D633F4 /* Images */,
				FB8223DE140FDAC40010B542 /* Icon.png */,
				FBFC4EF1140E60A5000D8038 /* palm.png */,
				FBFC4EE8140D5881000D8038 /* face.gif */,
				FBFC4EE0140D54D0000D8038 /* IXErrors.plist */,
			);
			name = Resources;
			sourceTree = "<group>";
		};
/* End PBXGroup section */

/* Begin PBXNativeTarget section */
		FB4B389B1406B9F700E29DBB /* identityx_reference */ = {
			isa = PBXNativeTarget;
			buildConfigurationList = FB4B38BD1406B9F700E29DBB /* Build configuration list for PBXNativeTarget "identityx_reference" */;
			buildPhases = (
				FB4B38981406B9F700E29DBB /* Sources */,
				FB4B38991406B9F700E29DBB /* Frameworks */,
				FB4B389A1406B9F700E29DBB /* Resources */,
			);
			buildRules = (
			);
			dependencies = (
			);
			name = identityx_reference;
			productName = identityx_reference;
			productReference = FB4B389C1406B9F700E29DBB /* Biometric_POC_v1.6.app */;
			productType = "com.apple.product-type.application";
		};
/* End PBXNativeTarget section */

/* Begin PBXProject section */
		FB4B38931406B9F600E29DBB /* Project object */ = {
			isa = PBXProject;
			attributes = {
				LastUpgradeCheck = 0440;
			};
			buildConfigurationList = FB4B38961406B9F600E29DBB /* Build configuration list for PBXProject "identityx_reference" */;
			compatibilityVersion = "Xcode 3.2";
			developmentRegion = English;
			hasScannedForEncodings = 0;
			knownRegions = (
				en,
			);
			mainGroup = FB4B38911406B9F600E29DBB;
			productRefGroup = FB4B389D1406B9F700E29DBB /* Products */;
			projectDirPath = "";
			projectRoot = "";
			targets = (
				FB4B389B1406B9F700E29DBB /* identityx_reference */,
			);
		};
/* End PBXProject section */

/* Begin PBXResourcesBuildPhase section */
		FB4B389A1406B9F700E29DBB /* Resources */ = {
			isa = PBXResourcesBuildPhase;
			buildActionMask = 2147483647;
			files = (
				FB4B38AB1406B9F700E29DBB /* InfoPlist.strings in Resources */,
				FB4B38B41406B9F700E29DBB /* MainWindow.xib in Resources */,
				FB4B38BA1406B9F700E29DBB /* TransactionListViewController.xib in Resources */,
				FB4B38E91406C27100E29DBB /* CommitViewController.xib in Resources */,
				FBFC4ECF140D5453000D8038 /* UserIDViewController.xib in Resources */,
				FBFC4EE1140D54D0000D8038 /* IXErrors.plist in Resources */,
				FBFC4EE6140D5651000D8038 /* FaceViewController.xib in Resources */,
				FBFC4EE9140D5881000D8038 /* face.gif in Resources */,
				FBFC4EF0140E5FCA000D8038 /* PalmViewController.xib in Resources */,
				FBFC4EF2140E60A5000D8038 /* palm.png in Resources */,
				FBFC4EFF140E677B000D8038 /* VoiceViewController.xib in Resources */,
				FB8223E0140FDAC40010B542 /* Icon.png in Resources */,
				C9DFFBF715E3834C00D633F4 /* arrow_pink.png in Resources */,
				C9DFFBF815E3834C00D633F4 /* back_btn.jpg in Resources */,
				C9DFFBF915E3834C00D633F4 /* back-icon1.png in Resources */,
				C9DFFBFA15E3834C00D633F4 /* back-icon2.png in Resources */,
				C9DFFBFB15E3834C00D633F4 /* Banking_accounts.png in Resources */,
				C9DFFBFC15E3834C00D633F4 /* bg-top0.png in Resources */,
				C9DFFBFD15E3834C00D633F4 /* bg-top1.png in Resources */,
				C9DFFBFE15E3834C00D633F4 /* bluebutton.jpg in Resources */,
				C9DFFBFF15E3834C00D633F4 /* browse_our_products.png in Resources */,
				C9DFFC0015E3834C00D633F4 /* CapitalOnedeals.png in Resources */,
				C9DFFC0115E3834C00D633F4 /* capone_logo.jpg in Resources */,
				C9DFFC0215E3834C00D633F4 /* contactusIcon.png in Resources */,
				C9DFFC0315E3834C00D633F4 /* CreditCardIcon.png in Resources */,
				C9DFFC0415E3834C00D633F4 /* Find_branch_Atm.png in Resources */,
				C9DFFC0515E3834C00D633F4 /* GiftIcon.png in Resources */,
				C9DFFC0615E3834C00D633F4 /* Green_btn.jpg in Resources */,
				C9DFFC0715E3834C00D633F4 /* Header_bg.jpg in Resources */,
				C9DFFC0815E3834C00D633F4 /* Headerlogo.jpg in Resources */,
				C9DFFC0915E3834C00D633F4 /* Home_icon.jpg in Resources */,
				C9DFFC0B15E3834C00D633F4 /* identity-icon.jpg in Resources */,
				C9DFFC0C15E3834C00D633F4 /* lines.png in Resources */,
				C9DFFC0D15E3834C00D633F4 /* lock.png in Resources */,
				C9DFFC0E15E3834C00D633F4 /* lock1.png in Resources */,
				C9DFFC0F15E3834C00D633F4 /* lock2.png in Resources */,
				C9DFFC1015E3834C00D633F4 /* LoginFieldsBg.jpg in Resources */,
				C9DFFC1115E3834C00D633F4 /* logout.png in Resources */,
				C9DFFC1215E3834C00D633F4 /* Mic_icon.jpg in Resources */,
				C9DFFC1315E3834C00D633F4 /* Mobile_banking.png in Resources */,
				C9DFFC1415E3834C00D633F4 /* NavbarBG.jpg in Resources */,
				C9DFFC1515E3834C00D633F4 /* open_lock.png in Resources */,
				C9DFFC1615E3834C00D633F4 /* right-arrow.png in Resources */,
				C9DFFC2015E38D2900D633F4 /* LoginScreen.xib in Resources */,
				C9DFFC3415E38F3E00D633F4 /* AccountSummary.xib in Resources */,
				C9DFFC3615E38F3E00D633F4 /* CustomerSummary.xib in Resources */,
				C9DFFC3815E38F3E00D633F4 /* EnrollScreen.xib in Resources */,
				C9DFFC3A15E38F3E00D633F4 /* FundTransfer.xib in Resources */,
				C9DFFC3C15E38F3E00D633F4 /* RecentTransactions.xib in Resources */,
				C9DFFC3E15E38F3E00D633F4 /* ViewTransactions.xib in Resources */,
				C9BD46D315E4C20600802FCC /* Home_icon.png in Resources */,
				C992955915EB6E7400FFF9E3 /* SecurityQA_Verify.xib in Resources */,
				C9F0257A15EF3AA9007F78ED /* Choose_StepUp_action.xib in Resources */,
				C981BE9415F49CE200DF9270 /* PinViewController.xib in Resources */,
				C981BEA215F4D27B00DF9270 /* FundTransferSuccess.xib in Resources */,
				C988928315F8584C008A8B83 /* green-icon1.png in Resources */,
				C987566A15FF42ED0091957B /* Choose_Login_action.xib in Resources */,
				3F3356911608448E00AB876A /* SurveyView.xib in Resources */,
			);
			runOnlyForDeploymentPostprocessing = 0;
		};
/* End PBXResourcesBuildPhase section */

/* Begin PBXSourcesBuildPhase section */
		FB4B38981406B9F700E29DBB /* Sources */ = {
			isa = PBXSourcesBuildPhase;
			buildActionMask = 2147483647;
			files = (
				FB4B38AE1406B9F700E29DBB /* main.m in Sources */,
				FB4B38B11406B9F700E29DBB /* IdentityxReferenceAppDelegate.m in Sources */,
				FB4B38B71406B9F700E29DBB /* TransactionListViewController.m in Sources */,
				FB4B38D61406BCD500E29DBB /* CaptureViewFactory.m in Sources */,
				FB4B38E81406C27100E29DBB /* CommitViewController.m in Sources */,
				FBFC4ECE140D5453000D8038 /* UserIDViewController.m in Sources */,
				FBFC4ED2140D5460000D8038 /* CaptureViewController.m in Sources */,
				FBFC4EE5140D5651000D8038 /* FaceViewController.m in Sources */,
				FBFC4EEF140E5FCA000D8038 /* PalmViewController.m in Sources */,
				FBFC4EFE140E677B000D8038 /* VoiceViewController.m in Sources */,
				C9DFFC1F15E38D2900D633F4 /* LoginScreen.m in Sources */,
				C9DFFC3315E38F3E00D633F4 /* AccountSummary.m in Sources */,
				C9DFFC3515E38F3E00D633F4 /* CustomerSummary.m in Sources */,
				C9DFFC3715E38F3E00D633F4 /* EnrollScreen.m in Sources */,
				C9DFFC3915E38F3E00D633F4 /* FundTransfer.m in Sources */,
				C9DFFC3B15E38F3E00D633F4 /* RecentTransactions.m in Sources */,
				C9DFFC3D15E38F3E00D633F4 /* ViewTransactions.m in Sources */,
				C992955815EB6E7400FFF9E3 /* SecurityQA_Verify.m in Sources */,
				C9F0257915EF3AA9007F78ED /* Choose_StepUp_action.m in Sources */,
				C981BE9315F49CE200DF9270 /* PinViewController.m in Sources */,
				C981BEA115F4D27B00DF9270 /* FundTransferSuccess.m in Sources */,
				C987566915FF42ED0091957B /* Choose_Login_action.m in Sources */,
				3F3356901608448E00AB876A /* SurveyView.m in Sources */,
			);
			runOnlyForDeploymentPostprocessing = 0;
		};
/* End PBXSourcesBuildPhase section */

/* Begin PBXVariantGroup section */
		FB4B38A91406B9F700E29DBB /* InfoPlist.strings */ = {
			isa = PBXVariantGroup;
			children = (
				FB4B38AA1406B9F700E29DBB /* en */,
			);
			name = InfoPlist.strings;
			sourceTree = "<group>";
		};
		FB4B38B21406B9F700E29DBB /* MainWindow.xib */ = {
			isa = PBXVariantGroup;
			children = (
				FB4B38B31406B9F700E29DBB /* en */,
			);
			name = MainWindow.xib;
			sourceTree = "<group>";
		};
		FB4B38B81406B9F700E29DBB /* TransactionListViewController.xib */ = {
			isa = PBXVariantGroup;
			children = (
				FB4B38B91406B9F700E29DBB /* en */,
			);
			name = TransactionListViewController.xib;
			sourceTree = "<group>";
		};
/* End PBXVariantGroup section */

/* Begin XCBuildConfiguration section */
		FB4B38BB1406B9F700E29DBB /* Debug */ = {
			isa = XCBuildConfiguration;
			buildSettings = {
				ARCHS = "$(ARCHS_STANDARD_32_BIT)";
				"CODE_SIGN_IDENTITY[sdk=iphoneos*]" = "iPhone Developer";
				GCC_C_LANGUAGE_STANDARD = gnu99;
				GCC_OPTIMIZATION_LEVEL = 0;
				GCC_PREPROCESSOR_DEFINITIONS = DEBUG;
				GCC_SYMBOLS_PRIVATE_EXTERN = NO;
				GCC_VERSION = com.apple.compilers.llvmgcc42;
				GCC_WARN_ABOUT_RETURN_TYPE = YES;
				GCC_WARN_UNUSED_VARIABLE = YES;
				IPHONEOS_DEPLOYMENT_TARGET = 4.3;
				SDKROOT = iphoneos;
			};
			name = Debug;
		};
		FB4B38BC1406B9F700E29DBB /* Release */ = {
			isa = XCBuildConfiguration;
			buildSettings = {
				ARCHS = "$(ARCHS_STANDARD_32_BIT)";
				"CODE_SIGN_IDENTITY[sdk=iphoneos*]" = "iPhone Developer";
				GCC_C_LANGUAGE_STANDARD = gnu99;
				GCC_VERSION = com.apple.compilers.llvmgcc42;
				GCC_WARN_ABOUT_RETURN_TYPE = YES;
				GCC_WARN_UNUSED_VARIABLE = YES;
				IPHONEOS_DEPLOYMENT_TARGET = 4.3;
				OTHER_CFLAGS = "-DNS_BLOCK_ASSERTIONS=1";
				SDKROOT = iphoneos;
			};
			name = Release;
		};
		FB4B38BE1406B9F700E29DBB /* Debug */ = {
			isa = XCBuildConfiguration;
			buildSettings = {
				ALWAYS_SEARCH_USER_PATHS = NO;
				CODE_SIGN_IDENTITY = "iPhone Developer: Anurag Gupta (27PVP689XZ)";
				"CODE_SIGN_IDENTITY[sdk=iphoneos*]" = "iPhone Developer: Anurag Gupta (27PVP689XZ)";
				COPY_PHASE_STRIP = NO;
				GCC_DYNAMIC_NO_PIC = NO;
				GCC_PRECOMPILE_PREFIX_HEADER = YES;
				GCC_PREFIX_HEADER = "identityx_reference/identityx_reference-Prefix.pch";
				GCC_VERSION = com.apple.compilers.llvm.clang.1_0;
				INFOPLIST_FILE = "identityx_reference/identityx_reference-Info.plist";
				IPHONEOS_DEPLOYMENT_TARGET = 4.0;
				LIBRARY_SEARCH_PATHS = (
					"$(inherited)",
					"\"$(SRCROOT)/identityx_api/lib\"",
				);
				PRODUCT_NAME = Biometric_POC_v1.6;
				PROVISIONING_PROFILE = "BFDB92D8-904B-4F2D-8FB7-E3E979651AF1";
				"PROVISIONING_PROFILE[sdk=iphoneos*]" = "BFDB92D8-904B-4F2D-8FB7-E3E979651AF1";
				SDKROOT = iphoneos;
				TARGETED_DEVICE_FAMILY = 1;
				VALIDATE_PRODUCT = YES;
				WRAPPER_EXTENSION = app;
			};
			name = Debug;
		};
		FB4B38BF1406B9F700E29DBB /* Release */ = {
			isa = XCBuildConfiguration;
			buildSettings = {
				ALWAYS_SEARCH_USER_PATHS = NO;
				CODE_SIGN_IDENTITY = "iPhone Developer: Anurag Gupta (27PVP689XZ)";
				"CODE_SIGN_IDENTITY[sdk=iphoneos*]" = "iPhone Developer: Anurag Gupta (27PVP689XZ)";
				COPY_PHASE_STRIP = NO;
				GCC_PRECOMPILE_PREFIX_HEADER = YES;
				GCC_PREFIX_HEADER = "identityx_reference/identityx_reference-Prefix.pch";
				GCC_VERSION = com.apple.compilers.llvm.clang.1_0;
				INFOPLIST_FILE = "identityx_reference/identityx_reference-Info.plist";
				IPHONEOS_DEPLOYMENT_TARGET = 4.0;
				LIBRARY_SEARCH_PATHS = (
					"$(inherited)",
					"\"$(SRCROOT)/identityx_api/lib\"",
				);
				PRODUCT_NAME = Biometric_POC_v1.6;
				PROVISIONING_PROFILE = "BFDB92D8-904B-4F2D-8FB7-E3E979651AF1";
				"PROVISIONING_PROFILE[sdk=iphoneos*]" = "BFDB92D8-904B-4F2D-8FB7-E3E979651AF1";
				SDKROOT = iphoneos;
				TARGETED_DEVICE_FAMILY = 1;
				VALIDATE_PRODUCT = NO;
				WRAPPER_EXTENSION = app;
			};
			name = Release;
		};
/* End XCBuildConfiguration section */

/* Begin XCConfigurationList section */
		FB4B38961406B9F600E29DBB /* Build configuration list for PBXProject "identityx_reference" */ = {
			isa = XCConfigurationList;
			buildConfigurations = (
				FB4B38BB1406B9F700E29DBB /* Debug */,
				FB4B38BC1406B9F700E29DBB /* Release */,
			);
			defaultConfigurationIsVisible = 0;
			defaultConfigurationName = Release;
		};
		FB4B38BD1406B9F700E29DBB /* Build configuration list for PBXNativeTarget "identityx_reference" */ = {
			isa = XCConfigurationList;
			buildConfigurations = (
				FB4B38BE1406B9F700E29DBB /* Debug */,
				FB4B38BF1406B9F700E29DBB /* Release */,
			);
			defaultConfigurationIsVisible = 0;
			defaultConfigurationName = Release;
		};
/* End XCConfigurationList section */
	};
	rootObject = FB4B38931406B9F600E29DBB /* Project object */;
}
